<?xml version="1.0" encoding="UTF-8"?>
<Scheme
   version = "1.3">
   <BuildAction>
      <BuildActionEntries>
         <BuildActionEntry
            buildForRunning = "YES">
            <BuildableReference
               BuildableIdentifier = "primary"
               BlueprintIdentifier = "FAE32DEC1FEB3F8B0094F6D1"
               BuildableName = "ALAlertViewController.app"
               BlueprintName = "ALAlertViewController"
               ReferencedContainer = "container:ALAlertViewController.xcodeproj">
            </BuildableReference>
         </BuildActionEntry>
      </BuildActionEntries>
   </BuildAction>
   <LaunchAction
      useCustomWorkingDirectory = "NO"
      buildConfiguration = "Debug">
      <BuildableProductRunnable>
         <BuildableReference
            BuildableIdentifier = "primary"
            BlueprintIdentifier = "FAE32DEC1FEB3F8B0094F6D1"
            BuildableName = "ALAlertViewController.app"
            BlueprintName = "ALAlertViewController"
            ReferencedContainer = "container:ALAlertViewController.xcodeproj">
         </BuildableReference>
      </BuildableProductRunnable>
   </LaunchAction>
</Scheme>
